
Microsoft Visual Studio Solution File, Format Version 12.00
# Visual Studio 15
VisualStudioVersion = 15.0.28307.1585
MinimumVisualStudioVersion = 10.0.40219.1
Project("{FAE04EC0-301F-11D3-BF4B-00C04F79EFBC}") = "University_UI_Layer", "University_UI_Layer\University_UI_Layer.csproj", "{2C085AE1-9AD9-46D8-BA1A-A501645915A0}"
EndProject
Project("{FAE04EC0-301F-11D3-BF4B-00C04F79EFBC}") = "University_DATA_EF", "University_DATA_EF\University_DATA_EF.csproj", "{B7BF4C3B-2069-4E41-8F7C-12EB31462A11}"
EndProject
Global
	GlobalSection(SolutionConfigurationPlatforms) = preSolution
		Debug|Any CPU = Debug|Any CPU
		Release|Any CPU = Release|Any CPU
	EndGlobalSection
	GlobalSection(ProjectConfigurationPlatforms) = postSolution
		{2C085AE1-9AD9-46D8-BA1A-A501645915A0}.Debug|Any CPU.ActiveCfg = Debug|Any CPU
		{2C085AE1-9AD9-46D8-BA1A-A501645915A0}.Debug|Any CPU.Build.0 = Debug|Any CPU
		{2C085AE1-9AD9-46D8-BA1A-A501645915A0}.Release|Any CPU.ActiveCfg = Release|Any CPU
		{2C085AE1-9AD9-46D8-BA1A-A501645915A0}.Release|Any CPU.Build.0 = Release|Any CPU
		{B7BF4C3B-2069-4E41-8F7C-12EB31462A11}.Debug|Any CPU.ActiveCfg = Debug|Any CPU
		{B7BF4C3B-2069-4E41-8F7C-12EB31462A11}.Debug|Any CPU.Build.0 = Debug|Any CPU
		{B7BF4C3B-2069-4E41-8F7C-12EB31462A11}.Release|Any CPU.ActiveCfg = Release|Any CPU
		{B7BF4C3B-2069-4E41-8F7C-12EB31462A11}.Release|Any CPU.Build.0 = Release|Any CPU
	EndGlobalSection
	GlobalSection(SolutionProperties) = preSolution
		HideSolutionNode = FALSE
	EndGlobalSection
	GlobalSection(ExtensibilityGlobals) = postSolution
		SolutionGuid = {E2AD046B-65C5-4480-87D6-718EDA758F97}
	EndGlobalSection
EndGlobal
